// !$*UTF8*$!
{
	archiveVersion = 1;
	classes = {
	};
	objectVersion = 55;
	objects = {

/* Begin PBXBuildFile section */
		0872271DC333449FA0B478D4 /* Pods_PokedexTests.framework in Frameworks */ = {isa = PBXBuildFile; fileRef = FFFD9BF21A7C5E7F82701699 /* Pods_PokedexTests.framework */; };
		0B184F27276A37460059247B /* PokemonService.swift in Sources */ = {isa = PBXBuildFile; fileRef = 0B184F26276A37460059247B /* PokemonService.swift */; };
		0B184F2B276A38310059247B /* PokemonTypeListResponse.swift in Sources */ = {isa = PBXBuildFile; fileRef = 0B184F2A276A38310059247B /* PokemonTypeListResponse.swift */; };
		0B184F2E276B6A7C0059247B /* PokemonListCell.swift in Sources */ = {isa = PBXBuildFile; fileRef = 0B184F2D276B6A7C0059247B /* PokemonListCell.swift */; };
		2D568D63D129875F0F62089A /* Pods_Pokedex.framework in Frameworks */ = {isa = PBXBuildFile; fileRef = 7872C8F2CBCCF25DA982F467 /* Pods_Pokedex.framework */; };
		AA7854A7274F97050080C2BA /* AppDelegate.swift in Sources */ = {isa = PBXBuildFile; fileRef = AA7854A6274F97050080C2BA /* AppDelegate.swift */; };
		AA7854A9274F97050080C2BA /* SceneDelegate.swift in Sources */ = {isa = PBXBuildFile; fileRef = AA7854A8274F97050080C2BA /* SceneDelegate.swift */; };
		AA7854AB274F97050080C2BA /* PokemonListViewController.swift in Sources */ = {isa = PBXBuildFile; fileRef = AA7854AA274F97050080C2BA /* PokemonListViewController.swift */; };
		AA7854AE274F97050080C2BA /* PokemonList.storyboard in Resources */ = {isa = PBXBuildFile; fileRef = AA7854AC274F97050080C2BA /* PokemonList.storyboard */; };
		AA7854B0274F97070080C2BA /* Assets.xcassets in Resources */ = {isa = PBXBuildFile; fileRef = AA7854AF274F97070080C2BA /* Assets.xcassets */; };
		AA7854B3274F97070080C2BA /* LaunchScreen.storyboard in Resources */ = {isa = PBXBuildFile; fileRef = AA7854B1274F97070080C2BA /* LaunchScreen.storyboard */; };
		AA7854C8274F97070080C2BA /* PokedexUITests.swift in Sources */ = {isa = PBXBuildFile; fileRef = AA7854C7274F97070080C2BA /* PokedexUITests.swift */; };
		AA7854CA274F97070080C2BA /* PokedexUITestsLaunchTests.swift in Sources */ = {isa = PBXBuildFile; fileRef = AA7854C9274F97070080C2BA /* PokedexUITestsLaunchTests.swift */; };
		AA7854DB274F97A20080C2BA /* PokemonListViewModel.swift in Sources */ = {isa = PBXBuildFile; fileRef = AA7854DA274F97A20080C2BA /* PokemonListViewModel.swift */; };
		AA7854E4274F9B400080C2BA /* Pokemon.swift in Sources */ = {isa = PBXBuildFile; fileRef = AA7854E3274F9B400080C2BA /* Pokemon.swift */; };
		AA7854E6274F9C7E0080C2BA /* PokemonTypeEnum.swift in Sources */ = {isa = PBXBuildFile; fileRef = AA7854E5274F9C7E0080C2BA /* PokemonTypeEnum.swift */; };
		AA7854E9274FA0660080C2BA /* PokemonTests.swift in Sources */ = {isa = PBXBuildFile; fileRef = AA7854E8274FA0660080C2BA /* PokemonTests.swift */; };
		AA7854ED274FAD000080C2BA /* PokemonListViewModelTests.swift in Sources */ = {isa = PBXBuildFile; fileRef = AA7854EC274FAD000080C2BA /* PokemonListViewModelTests.swift */; };
/* End PBXBuildFile section */

/* Begin PBXContainerItemProxy section */
		AA7854BA274F97070080C2BA /* PBXContainerItemProxy */ = {
			isa = PBXContainerItemProxy;
			containerPortal = AA78549B274F97050080C2BA /* Project object */;
			proxyType = 1;
			remoteGlobalIDString = AA7854A2274F97050080C2BA;
			remoteInfo = Pokedex;
		};
		AA7854C4274F97070080C2BA /* PBXContainerItemProxy */ = {
			isa = PBXContainerItemProxy;
			containerPortal = AA78549B274F97050080C2BA /* Project object */;
			proxyType = 1;
			remoteGlobalIDString = AA7854A2274F97050080C2BA;
			remoteInfo = Pokedex;
		};
/* End PBXContainerItemProxy section */

/* Begin PBXFileReference section */
		0B184F26276A37460059247B /* PokemonService.swift */ = {isa = PBXFileReference; lastKnownFileType = sourcecode.swift; path = PokemonService.swift; sourceTree = "<group>"; };
		0B184F2A276A38310059247B /* PokemonTypeListResponse.swift */ = {isa = PBXFileReference; lastKnownFileType = sourcecode.swift; path = PokemonTypeListResponse.swift; sourceTree = "<group>"; };
		0B184F2D276B6A7C0059247B /* PokemonListCell.swift */ = {isa = PBXFileReference; lastKnownFileType = sourcecode.swift; path = PokemonListCell.swift; sourceTree = "<group>"; };
		562E58A5D34A683DE7B2DE12 /* Pods-PokedexTests.debug.xcconfig */ = {isa = PBXFileReference; includeInIndex = 1; lastKnownFileType = text.xcconfig; name = "Pods-PokedexTests.debug.xcconfig"; path = "Target Support Files/Pods-PokedexTests/Pods-PokedexTests.debug.xcconfig"; sourceTree = "<group>"; };
		7872C8F2CBCCF25DA982F467 /* Pods_Pokedex.framework */ = {isa = PBXFileReference; explicitFileType = wrapper.framework; includeInIndex = 0; path = Pods_Pokedex.framework; sourceTree = BUILT_PRODUCTS_DIR; };
		9FBB0A20966DBFDFBE248834 /* Pods-Pokedex.debug.xcconfig */ = {isa = PBXFileReference; includeInIndex = 1; lastKnownFileType = text.xcconfig; name = "Pods-Pokedex.debug.xcconfig"; path = "Target Support Files/Pods-Pokedex/Pods-Pokedex.debug.xcconfig"; sourceTree = "<group>"; };
		AA7854A3274F97050080C2BA /* Pokedex.app */ = {isa = PBXFileReference; explicitFileType = wrapper.application; includeInIndex = 0; path = Pokedex.app; sourceTree = BUILT_PRODUCTS_DIR; };
		AA7854A6274F97050080C2BA /* AppDelegate.swift */ = {isa = PBXFileReference; lastKnownFileType = sourcecode.swift; path = AppDelegate.swift; sourceTree = "<group>"; };
		AA7854A8274F97050080C2BA /* SceneDelegate.swift */ = {isa = PBXFileReference; lastKnownFileType = sourcecode.swift; path = SceneDelegate.swift; sourceTree = "<group>"; };
		AA7854AA274F97050080C2BA /* PokemonListViewController.swift */ = {isa = PBXFileReference; lastKnownFileType = sourcecode.swift; path = PokemonListViewController.swift; sourceTree = "<group>"; };
		AA7854AD274F97050080C2BA /* Base */ = {isa = PBXFileReference; lastKnownFileType = file.storyboard; name = Base; path = Base.lproj/PokemonList.storyboard; sourceTree = "<group>"; };
		AA7854AF274F97070080C2BA /* Assets.xcassets */ = {isa = PBXFileReference; lastKnownFileType = folder.assetcatalog; path = Assets.xcassets; sourceTree = "<group>"; };
		AA7854B2274F97070080C2BA /* Base */ = {isa = PBXFileReference; lastKnownFileType = file.storyboard; name = Base; path = Base.lproj/LaunchScreen.storyboard; sourceTree = "<group>"; };
		AA7854B4274F97070080C2BA /* Info.plist */ = {isa = PBXFileReference; lastKnownFileType = text.plist.xml; path = Info.plist; sourceTree = "<group>"; };
		AA7854B9274F97070080C2BA /* PokedexTests.xctest */ = {isa = PBXFileReference; explicitFileType = wrapper.cfbundle; includeInIndex = 0; path = PokedexTests.xctest; sourceTree = BUILT_PRODUCTS_DIR; };
		AA7854C3274F97070080C2BA /* PokedexUITests.xctest */ = {isa = PBXFileReference; explicitFileType = wrapper.cfbundle; includeInIndex = 0; path = PokedexUITests.xctest; sourceTree = BUILT_PRODUCTS_DIR; };
		AA7854C7274F97070080C2BA /* PokedexUITests.swift */ = {isa = PBXFileReference; lastKnownFileType = sourcecode.swift; path = PokedexUITests.swift; sourceTree = "<group>"; };
		AA7854C9274F97070080C2BA /* PokedexUITestsLaunchTests.swift */ = {isa = PBXFileReference; lastKnownFileType = sourcecode.swift; path = PokedexUITestsLaunchTests.swift; sourceTree = "<group>"; };
		AA7854DA274F97A20080C2BA /* PokemonListViewModel.swift */ = {isa = PBXFileReference; lastKnownFileType = sourcecode.swift; path = PokemonListViewModel.swift; sourceTree = "<group>"; };
		AA7854E3274F9B400080C2BA /* Pokemon.swift */ = {isa = PBXFileReference; lastKnownFileType = sourcecode.swift; path = Pokemon.swift; sourceTree = "<group>"; };
		AA7854E5274F9C7E0080C2BA /* PokemonTypeEnum.swift */ = {isa = PBXFileReference; lastKnownFileType = sourcecode.swift; path = PokemonTypeEnum.swift; sourceTree = "<group>"; };
		AA7854E8274FA0660080C2BA /* PokemonTests.swift */ = {isa = PBXFileReference; lastKnownFileType = sourcecode.swift; path = PokemonTests.swift; sourceTree = "<group>"; };
		AA7854EC274FAD000080C2BA /* PokemonListViewModelTests.swift */ = {isa = PBXFileReference; lastKnownFileType = sourcecode.swift; path = PokemonListViewModelTests.swift; sourceTree = "<group>"; };
		B905E0A8AAC41F0F463C42AB /* Pods-PokedexTests.release.xcconfig */ = {isa = PBXFileReference; includeInIndex = 1; lastKnownFileType = text.xcconfig; name = "Pods-PokedexTests.release.xcconfig"; path = "Target Support Files/Pods-PokedexTests/Pods-PokedexTests.release.xcconfig"; sourceTree = "<group>"; };
		E001675DB4851B7C8A4F6007 /* Pods-Pokedex.release.xcconfig */ = {isa = PBXFileReference; includeInIndex = 1; lastKnownFileType = text.xcconfig; name = "Pods-Pokedex.release.xcconfig"; path = "Target Support Files/Pods-Pokedex/Pods-Pokedex.release.xcconfig"; sourceTree = "<group>"; };
		FFFD9BF21A7C5E7F82701699 /* Pods_PokedexTests.framework */ = {isa = PBXFileReference; explicitFileType = wrapper.framework; includeInIndex = 0; path = Pods_PokedexTests.framework; sourceTree = BUILT_PRODUCTS_DIR; };
/* End PBXFileReference section */

/* Begin PBXFrameworksBuildPhase section */
		AA7854A0274F97050080C2BA /* Frameworks */ = {
			isa = PBXFrameworksBuildPhase;
			buildActionMask = 2147483647;
			files = (
				2D568D63D129875F0F62089A /* Pods_Pokedex.framework in Frameworks */,
			);
			runOnlyForDeploymentPostprocessing = 0;
		};
		AA7854B6274F97070080C2BA /* Frameworks */ = {
			isa = PBXFrameworksBuildPhase;
			buildActionMask = 2147483647;
			files = (
				0872271DC333449FA0B478D4 /* Pods_PokedexTests.framework in Frameworks */,
			);
			runOnlyForDeploymentPostprocessing = 0;
		};
		AA7854C0274F97070080C2BA /* Frameworks */ = {
			isa = PBXFrameworksBuildPhase;
			buildActionMask = 2147483647;
			files = (
			);
			runOnlyForDeploymentPostprocessing = 0;
		};
/* End PBXFrameworksBuildPhase section */

/* Begin PBXGroup section */
		0B184F25276A37280059247B /* Services */ = {
			isa = PBXGroup;
			children = (
				0B184F26276A37460059247B /* PokemonService.swift */,
			);
			path = Services;
			sourceTree = "<group>";
		};
		0B184F28276A38160059247B /* Network */ = {
			isa = PBXGroup;
			children = (
				0B184F25276A37280059247B /* Services */,
				0B184F29276A38210059247B /* Dto */,
			);
			path = Network;
			sourceTree = "<group>";
		};
		0B184F29276A38210059247B /* Dto */ = {
			isa = PBXGroup;
			children = (
				0B184F2A276A38310059247B /* PokemonTypeListResponse.swift */,
			);
			path = Dto;
			sourceTree = "<group>";
		};
		0B184F2C276B6A580059247B /* Cells */ = {
			isa = PBXGroup;
			children = (
				0B184F2D276B6A7C0059247B /* PokemonListCell.swift */,
			);
			path = Cells;
			sourceTree = "<group>";
		};
		4F55E6C5BF94400D366815CE /* Frameworks */ = {
			isa = PBXGroup;
			children = (
				7872C8F2CBCCF25DA982F467 /* Pods_Pokedex.framework */,
				FFFD9BF21A7C5E7F82701699 /* Pods_PokedexTests.framework */,
			);
			name = Frameworks;
			sourceTree = "<group>";
		};
		AA78549A274F97050080C2BA = {
			isa = PBXGroup;
			children = (
				AA7854A5274F97050080C2BA /* Pokedex */,
				AA7854BC274F97070080C2BA /* PokedexTests */,
				AA7854C6274F97070080C2BA /* PokedexUITests */,
				AA7854A4274F97050080C2BA /* Products */,
				BE08D587626AC2ED37FD0839 /* Pods */,
				4F55E6C5BF94400D366815CE /* Frameworks */,
			);
			sourceTree = "<group>";
		};
		AA7854A4274F97050080C2BA /* Products */ = {
			isa = PBXGroup;
			children = (
				AA7854A3274F97050080C2BA /* Pokedex.app */,
				AA7854B9274F97070080C2BA /* PokedexTests.xctest */,
				AA7854C3274F97070080C2BA /* PokedexUITests.xctest */,
			);
			name = Products;
			sourceTree = "<group>";
		};
		AA7854A5274F97050080C2BA /* Pokedex */ = {
			isa = PBXGroup;
			children = (
				AA7854DC274F98C50080C2BA /* AppDelegates */,
				AA7854E0274F99160080C2BA /* Config */,
				AA7854E1274F9B040080C2BA /* Models */,
				AA7854DE274F98EC0080C2BA /* Resources */,
				AA7854DD274F98D60080C2BA /* Screens */,
				0B184F28276A38160059247B /* Network */,
			);
			path = Pokedex;
			sourceTree = "<group>";
		};
		AA7854BC274F97070080C2BA /* PokedexTests */ = {
			isa = PBXGroup;
			children = (
				AA7854EA274FACEA0080C2BA /* Screens */,
				AA7854E7274FA0560080C2BA /* Models */,
			);
			path = PokedexTests;
			sourceTree = "<group>";
		};
		AA7854C6274F97070080C2BA /* PokedexUITests */ = {
			isa = PBXGroup;
			children = (
				AA7854C7274F97070080C2BA /* PokedexUITests.swift */,
				AA7854C9274F97070080C2BA /* PokedexUITestsLaunchTests.swift */,
			);
			path = PokedexUITests;
			sourceTree = "<group>";
		};
		AA7854D6274F97330080C2BA /* PokemonList */ = {
			isa = PBXGroup;
			children = (
				AA7854D9274F978A0080C2BA /* ViewController */,
				AA7854D8274F976E0080C2BA /* View */,
				AA7854D7274F97660080C2BA /* ViewModel */,
			);
			path = PokemonList;
			sourceTree = "<group>";
		};
		AA7854D7274F97660080C2BA /* ViewModel */ = {
			isa = PBXGroup;
			children = (
				AA7854DA274F97A20080C2BA /* PokemonListViewModel.swift */,
			);
			path = ViewModel;
			sourceTree = "<group>";
		};
		AA7854D8274F976E0080C2BA /* View */ = {
			isa = PBXGroup;
			children = (
				AA7854AC274F97050080C2BA /* PokemonList.storyboard */,
			);
			path = View;
			sourceTree = "<group>";
		};
		AA7854D9274F978A0080C2BA /* ViewController */ = {
			isa = PBXGroup;
			children = (
				0B184F2C276B6A580059247B /* Cells */,
				AA7854AA274F97050080C2BA /* PokemonListViewController.swift */,
			);
			path = ViewController;
			sourceTree = "<group>";
		};
		AA7854DC274F98C50080C2BA /* AppDelegates */ = {
			isa = PBXGroup;
			children = (
				AA7854A8274F97050080C2BA /* SceneDelegate.swift */,
				AA7854A6274F97050080C2BA /* AppDelegate.swift */,
			);
			path = AppDelegates;
			sourceTree = "<group>";
		};
		AA7854DD274F98D60080C2BA /* Screens */ = {
			isa = PBXGroup;
			children = (
				AA7854DF274F99030080C2BA /* LaunchScreen */,
				AA7854D6274F97330080C2BA /* PokemonList */,
			);
			path = Screens;
			sourceTree = "<group>";
		};
		AA7854DE274F98EC0080C2BA /* Resources */ = {
			isa = PBXGroup;
			children = (
				AA7854AF274F97070080C2BA /* Assets.xcassets */,
			);
			path = Resources;
			sourceTree = "<group>";
		};
		AA7854DF274F99030080C2BA /* LaunchScreen */ = {
			isa = PBXGroup;
			children = (
				AA7854B1274F97070080C2BA /* LaunchScreen.storyboard */,
			);
			path = LaunchScreen;
			sourceTree = "<group>";
		};
		AA7854E0274F99160080C2BA /* Config */ = {
			isa = PBXGroup;
			children = (
				AA7854B4274F97070080C2BA /* Info.plist */,
			);
			path = Config;
			sourceTree = "<group>";
		};
		AA7854E1274F9B040080C2BA /* Models */ = {
			isa = PBXGroup;
			children = (
				AA7854E3274F9B400080C2BA /* Pokemon.swift */,
				AA7854E5274F9C7E0080C2BA /* PokemonTypeEnum.swift */,
			);
			path = Models;
			sourceTree = "<group>";
		};
		AA7854E7274FA0560080C2BA /* Models */ = {
			isa = PBXGroup;
			children = (
				AA7854E8274FA0660080C2BA /* PokemonTests.swift */,
			);
			path = Models;
			sourceTree = "<group>";
		};
		AA7854EA274FACEA0080C2BA /* Screens */ = {
			isa = PBXGroup;
			children = (
				AA7854EB274FACF10080C2BA /* PokemonList */,
			);
			path = Screens;
			sourceTree = "<group>";
		};
		AA7854EB274FACF10080C2BA /* PokemonList */ = {
			isa = PBXGroup;
			children = (
				AA7854EC274FAD000080C2BA /* PokemonListViewModelTests.swift */,
			);
			path = PokemonList;
			sourceTree = "<group>";
		};
		BE08D587626AC2ED37FD0839 /* Pods */ = {
			isa = PBXGroup;
			children = (
				9FBB0A20966DBFDFBE248834 /* Pods-Pokedex.debug.xcconfig */,
				E001675DB4851B7C8A4F6007 /* Pods-Pokedex.release.xcconfig */,
				562E58A5D34A683DE7B2DE12 /* Pods-PokedexTests.debug.xcconfig */,
				B905E0A8AAC41F0F463C42AB /* Pods-PokedexTests.release.xcconfig */,
			);
			path = Pods;
			sourceTree = "<group>";
		};
/* End PBXGroup section */

/* Begin PBXNativeTarget section */
		AA7854A2274F97050080C2BA /* Pokedex */ = {
			isa = PBXNativeTarget;
			buildConfigurationList = AA7854CD274F97070080C2BA /* Build configuration list for PBXNativeTarget "Pokedex" */;
			buildPhases = (
				F464E7666A68522339105A2A /* [CP] Check Pods Manifest.lock */,
				AA78549F274F97050080C2BA /* Sources */,
				AA7854A0274F97050080C2BA /* Frameworks */,
				AA7854A1274F97050080C2BA /* Resources */,
				F7EE64EC95893472579151C2 /* [CP] Embed Pods Frameworks */,
			);
			buildRules = (
			);
			dependencies = (
			);
			name = Pokedex;
			productName = Pokedex;
			productReference = AA7854A3274F97050080C2BA /* Pokedex.app */;
			productType = "com.apple.product-type.application";
		};
		AA7854B8274F97070080C2BA /* PokedexTests */ = {
			isa = PBXNativeTarget;
			buildConfigurationList = AA7854D0274F97070080C2BA /* Build configuration list for PBXNativeTarget "PokedexTests" */;
			buildPhases = (
				92352941D9399BB01E6EBBA4 /* [CP] Check Pods Manifest.lock */,
				AA7854B5274F97070080C2BA /* Sources */,
				AA7854B6274F97070080C2BA /* Frameworks */,
				AA7854B7274F97070080C2BA /* Resources */,
			);
			buildRules = (
			);
			dependencies = (
				AA7854BB274F97070080C2BA /* PBXTargetDependency */,
			);
			name = PokedexTests;
			productName = PokedexTests;
			productReference = AA7854B9274F97070080C2BA /* PokedexTests.xctest */;
			productType = "com.apple.product-type.bundle.unit-test";
		};
		AA7854C2274F97070080C2BA /* PokedexUITests */ = {
			isa = PBXNativeTarget;
			buildConfigurationList = AA7854D3274F97070080C2BA /* Build configuration list for PBXNativeTarget "PokedexUITests" */;
			buildPhases = (
				AA7854BF274F97070080C2BA /* Sources */,
				AA7854C0274F97070080C2BA /* Frameworks */,
				AA7854C1274F97070080C2BA /* Resources */,
			);
			buildRules = (
			);
			dependencies = (
				AA7854C5274F97070080C2BA /* PBXTargetDependency */,
			);
			name = PokedexUITests;
			productName = PokedexUITests;
			productReference = AA7854C3274F97070080C2BA /* PokedexUITests.xctest */;
			productType = "com.apple.product-type.bundle.ui-testing";
		};
/* End PBXNativeTarget section */

/* Begin PBXProject section */
		AA78549B274F97050080C2BA /* Project object */ = {
			isa = PBXProject;
			attributes = {
				BuildIndependentTargetsInParallel = 1;
				LastSwiftUpdateCheck = 1310;
				LastUpgradeCheck = 1310;
				TargetAttributes = {
					AA7854A2274F97050080C2BA = {
						CreatedOnToolsVersion = 13.1;
					};
					AA7854B8274F97070080C2BA = {
						CreatedOnToolsVersion = 13.1;
						TestTargetID = AA7854A2274F97050080C2BA;
					};
					AA7854C2274F97070080C2BA = {
						CreatedOnToolsVersion = 13.1;
						TestTargetID = AA7854A2274F97050080C2BA;
					};
				};
			};
			buildConfigurationList = AA78549E274F97050080C2BA /* Build configuration list for PBXProject "Pokedex" */;
			compatibilityVersion = "Xcode 13.0";
			developmentRegion = en;
			hasScannedForEncodings = 0;
			knownRegions = (
				en,
				Base,
			);
			mainGroup = AA78549A274F97050080C2BA;
			productRefGroup = AA7854A4274F97050080C2BA /* Products */;
			projectDirPath = "";
			projectRoot = "";
			targets = (
				AA7854A2274F97050080C2BA /* Pokedex */,
				AA7854B8274F97070080C2BA /* PokedexTests */,
				AA7854C2274F97070080C2BA /* PokedexUITests */,
			);
		};
/* End PBXProject section */

/* Begin PBXResourcesBuildPhase section */
		AA7854A1274F97050080C2BA /* Resources */ = {
			isa = PBXResourcesBuildPhase;
			buildActionMask = 2147483647;
			files = (
				AA7854B3274F97070080C2BA /* LaunchScreen.storyboard in Resources */,
				AA7854B0274F97070080C2BA /* Assets.xcassets in Resources */,
				AA7854AE274F97050080C2BA /* PokemonList.storyboard in Resources */,
			);
			runOnlyForDeploymentPostprocessing = 0;
		};
		AA7854B7274F97070080C2BA /* Resources */ = {
			isa = PBXResourcesBuildPhase;
			buildActionMask = 2147483647;
			files = (
			);
			runOnlyForDeploymentPostprocessing = 0;
		};
		AA7854C1274F97070080C2BA /* Resources */ = {
			isa = PBXResourcesBuildPhase;
			buildActionMask = 2147483647;
			files = (
			);
			runOnlyForDeploymentPostprocessing = 0;
		};
/* End PBXResourcesBuildPhase section */

/* Begin PBXShellScriptBuildPhase section */
		92352941D9399BB01E6EBBA4 /* [CP] Check Pods Manifest.lock */ = {
			isa = PBXShellScriptBuildPhase;
			buildActionMask = 2147483647;
			files = (
			);
			inputFileListPaths = (
			);
			inputPaths = (
				"${PODS_PODFILE_DIR_PATH}/Podfile.lock",
				"${PODS_ROOT}/Manifest.lock",
			);
			name = "[CP] Check Pods Manifest.lock";
			outputFileListPaths = (
			);
			outputPaths = (
				"$(DERIVED_FILE_DIR)/Pods-PokedexTests-checkManifestLockResult.txt",
			);
			runOnlyForDeploymentPostprocessing = 0;
			shellPath = /bin/sh;
			shellScript = "diff \"${PODS_PODFILE_DIR_PATH}/Podfile.lock\" \"${PODS_ROOT}/Manifest.lock\" > /dev/null\nif [ $? != 0 ] ; then\n    # print error to STDERR\n    echo \"error: The sandbox is not in sync with the Podfile.lock. Run 'pod install' or update your CocoaPods installation.\" >&2\n    exit 1\nfi\n# This output is used by Xcode 'outputs' to avoid re-running this script phase.\necho \"SUCCESS\" > \"${SCRIPT_OUTPUT_FILE_0}\"\n";
			showEnvVarsInLog = 0;
		};
		F464E7666A68522339105A2A /* [CP] Check Pods Manifest.lock */ = {
			isa = PBXShellScriptBuildPhase;
			buildActionMask = 2147483647;
			files = (
			);
			inputFileListPaths = (
			);
			inputPaths = (
				"${PODS_PODFILE_DIR_PATH}/Podfile.lock",
				"${PODS_ROOT}/Manifest.lock",
			);
			name = "[CP] Check Pods Manifest.lock";
			outputFileListPaths = (
			);
			outputPaths = (
				"$(DERIVED_FILE_DIR)/Pods-Pokedex-checkManifestLockResult.txt",
			);
			runOnlyForDeploymentPostprocessing = 0;
			shellPath = /bin/sh;
			shellScript = "diff \"${PODS_PODFILE_DIR_PATH}/Podfile.lock\" \"${PODS_ROOT}/Manifest.lock\" > /dev/null\nif [ $? != 0 ] ; then\n    # print error to STDERR\n    echo \"error: The sandbox is not in sync with the Podfile.lock. Run 'pod install' or update your CocoaPods installation.\" >&2\n    exit 1\nfi\n# This output is used by Xcode 'outputs' to avoid re-running this script phase.\necho \"SUCCESS\" > \"${SCRIPT_OUTPUT_FILE_0}\"\n";
			showEnvVarsInLog = 0;
		};
		F7EE64EC95893472579151C2 /* [CP] Embed Pods Frameworks */ = {
			isa = PBXShellScriptBuildPhase;
			buildActionMask = 2147483647;
			files = (
			);
			inputFileListPaths = (
				"${PODS_ROOT}/Target Support Files/Pods-Pokedex/Pods-Pokedex-frameworks-${CONFIGURATION}-input-files.xcfilelist",
			);
			name = "[CP] Embed Pods Frameworks";
			outputFileListPaths = (
				"${PODS_ROOT}/Target Support Files/Pods-Pokedex/Pods-Pokedex-frameworks-${CONFIGURATION}-output-files.xcfilelist",
			);
			runOnlyForDeploymentPostprocessing = 0;
			shellPath = /bin/sh;
			shellScript = "\"${PODS_ROOT}/Target Support Files/Pods-Pokedex/Pods-Pokedex-frameworks.sh\"\n";
			showEnvVarsInLog = 0;
		};
/* End PBXShellScriptBuildPhase section */

/* Begin PBXSourcesBuildPhase section */
		AA78549F274F97050080C2BA /* Sources */ = {
			isa = PBXSourcesBuildPhase;
			buildActionMask = 2147483647;
			files = (
				0B184F2B276A38310059247B /* PokemonTypeListResponse.swift in Sources */,
				AA7854E4274F9B400080C2BA /* Pokemon.swift in Sources */,
				AA7854AB274F97050080C2BA /* PokemonListViewController.swift in Sources */,
				AA7854A7274F97050080C2BA /* AppDelegate.swift in Sources */,
				0B184F2E276B6A7C0059247B /* PokemonListCell.swift in Sources */,
				AA7854E6274F9C7E0080C2BA /* PokemonTypeEnum.swift in Sources */,
				0B184F27276A37460059247B /* PokemonService.swift in Sources */,
				AA7854DB274F97A20080C2BA /* PokemonListViewModel.swift in Sources */,
				AA7854A9274F97050080C2BA /* SceneDelegate.swift in Sources */,
			);
			runOnlyForDeploymentPostprocessing = 0;
		};
		AA7854B5274F97070080C2BA /* Sources */ = {
			isa = PBXSourcesBuildPhase;
			buildActionMask = 2147483647;
			files = (
				AA7854ED274FAD000080C2BA /* PokemonListViewModelTests.swift in Sources */,
				AA7854E9274FA0660080C2BA /* PokemonTests.swift in Sources */,
			);
			runOnlyForDeploymentPostprocessing = 0;
		};
		AA7854BF274F97070080C2BA /* Sources */ = {
			isa = PBXSourcesBuildPhase;
			buildActionMask = 2147483647;
			files = (
				AA7854C8274F97070080C2BA /* PokedexUITests.swift in Sources */,
				AA7854CA274F97070080C2BA /* PokedexUITestsLaunchTests.swift in Sources */,
			);
			runOnlyForDeploymentPostprocessing = 0;
		};
/* End PBXSourcesBuildPhase section */

/* Begin PBXTargetDependency section */
		AA7854BB274F97070080C2BA /* PBXTargetDependency */ = {
			isa = PBXTargetDependency;
			target = AA7854A2274F97050080C2BA /* Pokedex */;
			targetProxy = AA7854BA274F97070080C2BA /* PBXContainerItemProxy */;
		};
		AA7854C5274F97070080C2BA /* PBXTargetDependency */ = {
			isa = PBXTargetDependency;
			target = AA7854A2274F97050080C2BA /* Pokedex */;
			targetProxy = AA7854C4274F97070080C2BA /* PBXContainerItemProxy */;
		};
/* End PBXTargetDependency section */

/* Begin PBXVariantGroup section */
		AA7854AC274F97050080C2BA /* PokemonList.storyboard */ = {
			isa = PBXVariantGroup;
			children = (
				AA7854AD274F97050080C2BA /* Base */,
			);
			name = PokemonList.storyboard;
			sourceTree = "<group>";
		};
		AA7854B1274F97070080C2BA /* LaunchScreen.storyboard */ = {
			isa = PBXVariantGroup;
			children = (
				AA7854B2274F97070080C2BA /* Base */,
			);
			name = LaunchScreen.storyboard;
			sourceTree = "<group>";
		};
/* End PBXVariantGroup section */

/* Begin XCBuildConfiguration section */
		AA7854CB274F97070080C2BA /* Debug */ = {
			isa = XCBuildConfiguration;
			buildSettings = {
				ALWAYS_SEARCH_USER_PATHS = NO;
				CLANG_ANALYZER_NONNULL = YES;
				CLANG_ANALYZER_NUMBER_OBJECT_CONVERSION = YES_AGGRESSIVE;
				CLANG_CXX_LANGUAGE_STANDARD = "gnu++17";
				CLANG_CXX_LIBRARY = "libc++";
				CLANG_ENABLE_MODULES = YES;
				CLANG_ENABLE_OBJC_ARC = YES;
				CLANG_ENABLE_OBJC_WEAK = YES;
				CLANG_WARN_BLOCK_CAPTURE_AUTORELEASING = YES;
				CLANG_WARN_BOOL_CONVERSION = YES;
				CLANG_WARN_COMMA = YES;
				CLANG_WARN_CONSTANT_CONVERSION = YES;
				CLANG_WARN_DEPRECATED_OBJC_IMPLEMENTATIONS = YES;
				CLANG_WARN_DIRECT_OBJC_ISA_USAGE = YES_ERROR;
				CLANG_WARN_DOCUMENTATION_COMMENTS = YES;
				CLANG_WARN_EMPTY_BODY = YES;
				CLANG_WARN_ENUM_CONVERSION = YES;
				CLANG_WARN_INFINITE_RECURSION = YES;
				CLANG_WARN_INT_CONVERSION = YES;
				CLANG_WARN_NON_LITERAL_NULL_CONVERSION = YES;
				CLANG_WARN_OBJC_IMPLICIT_RETAIN_SELF = YES;
				CLANG_WARN_OBJC_LITERAL_CONVERSION = YES;
				CLANG_WARN_OBJC_ROOT_CLASS = YES_ERROR;
				CLANG_WARN_QUOTED_INCLUDE_IN_FRAMEWORK_HEADER = YES;
				CLANG_WARN_RANGE_LOOP_ANALYSIS = YES;
				CLANG_WARN_STRICT_PROTOTYPES = YES;
				CLANG_WARN_SUSPICIOUS_MOVE = YES;
				CLANG_WARN_UNGUARDED_AVAILABILITY = YES_AGGRESSIVE;
				CLANG_WARN_UNREACHABLE_CODE = YES;
				CLANG_WARN__DUPLICATE_METHOD_MATCH = YES;
				COPY_PHASE_STRIP = NO;
				DEBUG_INFORMATION_FORMAT = dwarf;
				ENABLE_STRICT_OBJC_MSGSEND = YES;
				ENABLE_TESTABILITY = YES;
				GCC_C_LANGUAGE_STANDARD = gnu11;
				GCC_DYNAMIC_NO_PIC = NO;
				GCC_NO_COMMON_BLOCKS = YES;
				GCC_OPTIMIZATION_LEVEL = 0;
				GCC_PREPROCESSOR_DEFINITIONS = (
					"DEBUG=1",
					"$(inherited)",
				);
				GCC_WARN_64_TO_32_BIT_CONVERSION = YES;
				GCC_WARN_ABOUT_RETURN_TYPE = YES_ERROR;
				GCC_WARN_UNDECLARED_SELECTOR = YES;
				GCC_WARN_UNINITIALIZED_AUTOS = YES_AGGRESSIVE;
				GCC_WARN_UNUSED_FUNCTION = YES;
				GCC_WARN_UNUSED_VARIABLE = YES;
				IPHONEOS_DEPLOYMENT_TARGET = 15.0;
				MTL_ENABLE_DEBUG_INFO = INCLUDE_SOURCE;
				MTL_FAST_MATH = YES;
				ONLY_ACTIVE_ARCH = YES;
				SDKROOT = iphoneos;
				SWIFT_ACTIVE_COMPILATION_CONDITIONS = DEBUG;
				SWIFT_OPTIMIZATION_LEVEL = "-Onone";
			};
			name = Debug;
		};
		AA7854CC274F97070080C2BA /* Release */ = {
			isa = XCBuildConfiguration;
			buildSettings = {
				ALWAYS_SEARCH_USER_PATHS = NO;
				CLANG_ANALYZER_NONNULL = YES;
				CLANG_ANALYZER_NUMBER_OBJECT_CONVERSION = YES_AGGRESSIVE;
				CLANG_CXX_LANGUAGE_STANDARD = "gnu++17";
				CLANG_CXX_LIBRARY = "libc++";
				CLANG_ENABLE_MODULES = YES;
				CLANG_ENABLE_OBJC_ARC = YES;
				CLANG_ENABLE_OBJC_WEAK = YES;
				CLANG_WARN_BLOCK_CAPTURE_AUTORELEASING = YES;
				CLANG_WARN_BOOL_CONVERSION = YES;
				CLANG_WARN_COMMA = YES;
				CLANG_WARN_CONSTANT_CONVERSION = YES;
				CLANG_WARN_DEPRECATED_OBJC_IMPLEMENTATIONS = YES;
				CLANG_WARN_DIRECT_OBJC_ISA_USAGE = YES_ERROR;
				CLANG_WARN_DOCUMENTATION_COMMENTS = YES;
				CLANG_WARN_EMPTY_BODY = YES;
				CLANG_WARN_ENUM_CONVERSION = YES;
				CLANG_WARN_INFINITE_RECURSION = YES;
				CLANG_WARN_INT_CONVERSION = YES;
				CLANG_WARN_NON_LITERAL_NULL_CONVERSION = YES;
				CLANG_WARN_OBJC_IMPLICIT_RETAIN_SELF = YES;
				CLANG_WARN_OBJC_LITERAL_CONVERSION = YES;
				CLANG_WARN_OBJC_ROOT_CLASS = YES_ERROR;
				CLANG_WARN_QUOTED_INCLUDE_IN_FRAMEWORK_HEADER = YES;
				CLANG_WARN_RANGE_LOOP_ANALYSIS = YES;
				CLANG_WARN_STRICT_PROTOTYPES = YES;
				CLANG_WARN_SUSPICIOUS_MOVE = YES;
				CLANG_WARN_UNGUARDED_AVAILABILITY = YES_AGGRESSIVE;
				CLANG_WARN_UNREACHABLE_CODE = YES;
				CLANG_WARN__DUPLICATE_METHOD_MATCH = YES;
				COPY_PHASE_STRIP = NO;
				DEBUG_INFORMATION_FORMAT = "dwarf-with-dsym";
				ENABLE_NS_ASSERTIONS = NO;
				ENABLE_STRICT_OBJC_MSGSEND = YES;
				GCC_C_LANGUAGE_STANDARD = gnu11;
				GCC_NO_COMMON_BLOCKS = YES;
				GCC_WARN_64_TO_32_BIT_CONVERSION = YES;
				GCC_WARN_ABOUT_RETURN_TYPE = YES_ERROR;
				GCC_WARN_UNDECLARED_SELECTOR = YES;
				GCC_WARN_UNINITIALIZED_AUTOS = YES_AGGRESSIVE;
				GCC_WARN_UNUSED_FUNCTION = YES;
				GCC_WARN_UNUSED_VARIABLE = YES;
				IPHONEOS_DEPLOYMENT_TARGET = 15.0;
				MTL_ENABLE_DEBUG_INFO = NO;
				MTL_FAST_MATH = YES;
				SDKROOT = iphoneos;
				SWIFT_COMPILATION_MODE = wholemodule;
				SWIFT_OPTIMIZATION_LEVEL = "-O";
				VALIDATE_PRODUCT = YES;
			};
			name = Release;
		};
		AA7854CE274F97070080C2BA /* Debug */ = {
			isa = XCBuildConfiguration;
			baseConfigurationReference = 9FBB0A20966DBFDFBE248834 /* Pods-Pokedex.debug.xcconfig */;
			buildSettings = {
				ASSETCATALOG_COMPILER_APPICON_NAME = AppIcon;
				ASSETCATALOG_COMPILER_GLOBAL_ACCENT_COLOR_NAME = AccentColor;
				CODE_SIGN_STYLE = Automatic;
				CURRENT_PROJECT_VERSION = 1;
				GENERATE_INFOPLIST_FILE = YES;
				INFOPLIST_FILE = Pokedex/Config/Info.plist;
				INFOPLIST_KEY_UIApplicationSupportsIndirectInputEvents = YES;
				INFOPLIST_KEY_UILaunchStoryboardName = LaunchScreen;
				INFOPLIST_KEY_UIMainStoryboardFile = PokemonList;
				INFOPLIST_KEY_UISupportedInterfaceOrientations_iPad = "UIInterfaceOrientationPortrait UIInterfaceOrientationPortraitUpsideDown UIInterfaceOrientationLandscapeLeft UIInterfaceOrientationLandscapeRight";
				INFOPLIST_KEY_UISupportedInterfaceOrientations_iPhone = "UIInterfaceOrientationPortrait UIInterfaceOrientationLandscapeLeft UIInterfaceOrientationLandscapeRight";
				IPHONEOS_DEPLOYMENT_TARGET = 15.0;
				LD_RUNPATH_SEARCH_PATHS = (
					"$(inherited)",
					"@executable_path/Frameworks",
				);
				MARKETING_VERSION = 1.0;
				PRODUCT_BUNDLE_IDENTIFIER = com.cga.Pokedex;
				PRODUCT_NAME = "$(TARGET_NAME)";
				SWIFT_EMIT_LOC_STRINGS = YES;
				SWIFT_VERSION = 5.0;
				TARGETED_DEVICE_FAMILY = "1,2";
			};
			name = Debug;
		};
		AA7854CF274F97070080C2BA /* Release */ = {
			isa = XCBuildConfiguration;
			baseConfigurationReference = E001675DB4851B7C8A4F6007 /* Pods-Pokedex.release.xcconfig */;
			buildSettings = {
				ASSETCATALOG_COMPILER_APPICON_NAME = AppIcon;
				ASSETCATALOG_COMPILER_GLOBAL_ACCENT_COLOR_NAME = AccentColor;
				CODE_SIGN_STYLE = Automatic;
				CURRENT_PROJECT_VERSION = 1;
				GENERATE_INFOPLIST_FILE = YES;
				INFOPLIST_FILE = Pokedex/Config/Info.plist;
				INFOPLIST_KEY_UIApplicationSupportsIndirectInputEvents = YES;
				INFOPLIST_KEY_UILaunchStoryboardName = LaunchScreen;
				INFOPLIST_KEY_UIMainStoryboardFile = PokemonList;
				INFOPLIST_KEY_UISupportedInterfaceOrientations_iPad = "UIInterfaceOrientationPortrait UIInterfaceOrientationPortraitUpsideDown UIInterfaceOrientationLandscapeLeft UIInterfaceOrientationLandscapeRight";
				INFOPLIST_KEY_UISupportedInterfaceOrientations_iPhone = "UIInterfaceOrientationPortrait UIInterfaceOrientationLandscapeLeft UIInterfaceOrientationLandscapeRight";
				IPHONEOS_DEPLOYMENT_TARGET = 15.0;
				LD_RUNPATH_SEARCH_PATHS = (
					"$(inherited)",
					"@executable_path/Frameworks",
				);
				MARKETING_VERSION = 1.0;
				PRODUCT_BUNDLE_IDENTIFIER = com.cga.Pokedex;
				PRODUCT_NAME = "$(TARGET_NAME)";
				SWIFT_EMIT_LOC_STRINGS = YES;
				SWIFT_VERSION = 5.0;
				TARGETED_DEVICE_FAMILY = "1,2";
			};
			name = Release;
		};
		AA7854D1274F97070080C2BA /* Debug */ = {
			isa = XCBuildConfiguration;
			baseConfigurationReference = 562E58A5D34A683DE7B2DE12 /* Pods-PokedexTests.debug.xcconfig */;
			buildSettings = {
				ALWAYS_EMBED_SWIFT_STANDARD_LIBRARIES = YES;
				BUNDLE_LOADER = "$(TEST_HOST)";
				CODE_SIGN_STYLE = Automatic;
				CURRENT_PROJECT_VERSION = 1;
				GENERATE_INFOPLIST_FILE = YES;
				IPHONEOS_DEPLOYMENT_TARGET = 14.0;
				LD_RUNPATH_SEARCH_PATHS = (
					"$(inherited)",
					"@executable_path/Frameworks",
					"@loader_path/Frameworks",
				);
				MARKETING_VERSION = 1.0;
				PRODUCT_BUNDLE_IDENTIFIER = com.cga.PokedexTests;
				PRODUCT_NAME = "$(TARGET_NAME)";
				SWIFT_EMIT_LOC_STRINGS = NO;
				SWIFT_VERSION = 5.0;
				TARGETED_DEVICE_FAMILY = "1,2";
				TEST_HOST = "$(BUILT_PRODUCTS_DIR)/Pokedex.app/Pokedex";
			};
			name = Debug;
		};
		AA7854D2274F97070080C2BA /* Release */ = {
			isa = XCBuildConfiguration;
			baseConfigurationReference = B905E0A8AAC41F0F463C42AB /* Pods-PokedexTests.release.xcconfig */;
			buildSettings = {
				ALWAYS_EMBED_SWIFT_STANDARD_LIBRARIES = YES;
				BUNDLE_LOADER = "$(TEST_HOST)";
				CODE_SIGN_STYLE = Automatic;
				CURRENT_PROJECT_VERSION = 1;
				GENERATE_INFOPLIST_FILE = YES;
				IPHONEOS_DEPLOYMENT_TARGET = 14.0;
				LD_RUNPATH_SEARCH_PATHS = (
					"$(inherited)",
					"@executable_path/Frameworks",
					"@loader_path/Frameworks",
				);
				MARKETING_VERSION = 1.0;
				PRODUCT_BUNDLE_IDENTIFIER = com.cga.PokedexTests;
				PRODUCT_NAME = "$(TARGET_NAME)";
				SWIFT_EMIT_LOC_STRINGS = NO;
				SWIFT_VERSION = 5.0;
				TARGETED_DEVICE_FAMILY = "1,2";
				TEST_HOST = "$(BUILT_PRODUCTS_DIR)/Pokedex.app/Pokedex";
			};
			name = Release;
		};
		AA7854D4274F97070080C2BA /* Debug */ = {
			isa = XCBuildConfiguration;
			buildSettings = {
				ALWAYS_EMBED_SWIFT_STANDARD_LIBRARIES = YES;
				CODE_SIGN_STYLE = Automatic;
				CURRENT_PROJECT_VERSION = 1;
				GENERATE_INFOPLIST_FILE = YES;
				LD_RUNPATH_SEARCH_PATHS = (
					"$(inherited)",
					"@executable_path/Frameworks",
					"@loader_path/Frameworks",
				);
				MARKETING_VERSION = 1.0;
				PRODUCT_BUNDLE_IDENTIFIER = com.cga.PokedexUITests;
				PRODUCT_NAME = "$(TARGET_NAME)";
				SWIFT_EMIT_LOC_STRINGS = NO;
				SWIFT_VERSION = 5.0;
				TARGETED_DEVICE_FAMILY = "1,2";
				TEST_TARGET_NAME = Pokedex;
			};
			name = Debug;
		};
		AA7854D5274F97070080C2BA /* Release */ = {
			isa = XCBuildConfiguration;
			buildSettings = {
				ALWAYS_EMBED_SWIFT_STANDARD_LIBRARIES = YES;
				CODE_SIGN_STYLE = Automatic;
				CURRENT_PROJECT_VERSION = 1;
				GENERATE_INFOPLIST_FILE = YES;
				LD_RUNPATH_SEARCH_PATHS = (
					"$(inherited)",
					"@executable_path/Frameworks",
					"@loader_path/Frameworks",
				);
				MARKETING_VERSION = 1.0;
				PRODUCT_BUNDLE_IDENTIFIER = com.cga.PokedexUITests;
				PRODUCT_NAME = "$(TARGET_NAME)";
				SWIFT_EMIT_LOC_STRINGS = NO;
				SWIFT_VERSION = 5.0;
				TARGETED_DEVICE_FAMILY = "1,2";
				TEST_TARGET_NAME = Pokedex;
			};
			name = Release;
		};
/* End XCBuildConfiguration section */

/* Begin XCConfigurationList section */
		AA78549E274F97050080C2BA /* Build configuration list for PBXProject "Pokedex" */ = {
			isa = XCConfigurationList;
			buildConfigurations = (
				AA7854CB274F97070080C2BA /* Debug */,
				AA7854CC274F97070080C2BA /* Release */,
			);
			defaultConfigurationIsVisible = 0;
			defaultConfigurationName = Release;
		};
		AA7854CD274F97070080C2BA /* Build configuration list for PBXNativeTarget "Pokedex" */ = {
			isa = XCConfigurationList;
			buildConfigurations = (
				AA7854CE274F97070080C2BA /* Debug */,
				AA7854CF274F97070080C2BA /* Release */,
			);
			defaultConfigurationIsVisible = 0;
			defaultConfigurationName = Release;
		};
		AA7854D0274F97070080C2BA /* Build configuration list for PBXNativeTarget "PokedexTests" */ = {
			isa = XCConfigurationList;
			buildConfigurations = (
				AA7854D1274F97070080C2BA /* Debug */,
				AA7854D2274F97070080C2BA /* Release */,
			);
			defaultConfigurationIsVisible = 0;
			defaultConfigurationName = Release;
		};
		AA7854D3274F97070080C2BA /* Build configuration list for PBXNativeTarget "PokedexUITests" */ = {
			isa = XCConfigurationList;
			buildConfigurations = (
				AA7854D4274F97070080C2BA /* Debug */,
				AA7854D5274F97070080C2BA /* Release */,
			);
			defaultConfigurationIsVisible = 0;
			defaultConfigurationName = Release;
		};
/* End XCConfigurationList section */
	};
	rootObject = AA78549B274F97050080C2BA /* Project object */;
}
